
Microsoft Visual Studio Solution File, Format Version 12.00
# Visual Studio Version 16
VisualStudioVersion = 16.0.31005.135
MinimumVisualStudioVersion = 10.0.40219.1
Project("{9A19103F-16F7-4668-BE54-9A1E7A4F7556}") = "ECommerce.Infrastructure", "ECommerce.Infrastructure\ECommerce.Infrastructure.csproj", "{58B25713-5356-4D1B-989A-CECE4C3CD1EC}"
EndProject
Project("{9A19103F-16F7-4668-BE54-9A1E7A4F7556}") = "ECommerce.Domain", "ECommerce.Domain\ECommerce.Domain.csproj", "{C4C5FED5-5518-4655-9ECF-BDAD0D6BF058}"
EndProject
Project("{FAE04EC0-301F-11D3-BF4B-00C04F79EFBC}") = "ECommerce.Api", "ECommerce.Api\ECommerce.Api.csproj", "{64BCAC90-7184-4B5F-BBB8-0DA94E9E4BC7}"
EndProject
Project("{FAE04EC0-301F-11D3-BF4B-00C04F79EFBC}") = "ECommerce.Application", "ECommerce.Application\ECommerce.Application.csproj", "{890FEE95-971D-45D4-96F2-32FF1319E58C}"
EndProject
Project("{FAE04EC0-301F-11D3-BF4B-00C04F79EFBC}") = "ResponseStates", "ResponseStates\ResponseStates.csproj", "{34F18F72-F2A9-4349-B681-447AAEA92172}"
EndProject
Global
	GlobalSection(SolutionConfigurationPlatforms) = preSolution
		Debug|Any CPU = Debug|Any CPU
		Release|Any CPU = Release|Any CPU
	EndGlobalSection
	GlobalSection(ProjectConfigurationPlatforms) = postSolution
		{58B25713-5356-4D1B-989A-CECE4C3CD1EC}.Debug|Any CPU.ActiveCfg = Debug|Any CPU
		{58B25713-5356-4D1B-989A-CECE4C3CD1EC}.Debug|Any CPU.Build.0 = Debug|Any CPU
		{58B25713-5356-4D1B-989A-CECE4C3CD1EC}.Release|Any CPU.ActiveCfg = Release|Any CPU
		{58B25713-5356-4D1B-989A-CECE4C3CD1EC}.Release|Any CPU.Build.0 = Release|Any CPU
		{C4C5FED5-5518-4655-9ECF-BDAD0D6BF058}.Debug|Any CPU.ActiveCfg = Debug|Any CPU
		{C4C5FED5-5518-4655-9ECF-BDAD0D6BF058}.Debug|Any CPU.Build.0 = Debug|Any CPU
		{C4C5FED5-5518-4655-9ECF-BDAD0D6BF058}.Release|Any CPU.ActiveCfg = Release|Any CPU
		{C4C5FED5-5518-4655-9ECF-BDAD0D6BF058}.Release|Any CPU.Build.0 = Release|Any CPU
		{64BCAC90-7184-4B5F-BBB8-0DA94E9E4BC7}.Debug|Any CPU.ActiveCfg = Debug|Any CPU
		{64BCAC90-7184-4B5F-BBB8-0DA94E9E4BC7}.Debug|Any CPU.Build.0 = Debug|Any CPU
		{64BCAC90-7184-4B5F-BBB8-0DA94E9E4BC7}.Release|Any CPU.ActiveCfg = Release|Any CPU
		{64BCAC90-7184-4B5F-BBB8-0DA94E9E4BC7}.Release|Any CPU.Build.0 = Release|Any CPU
		{890FEE95-971D-45D4-96F2-32FF1319E58C}.Debug|Any CPU.ActiveCfg = Debug|Any CPU
		{890FEE95-971D-45D4-96F2-32FF1319E58C}.Debug|Any CPU.Build.0 = Debug|Any CPU
		{890FEE95-971D-45D4-96F2-32FF1319E58C}.Release|Any CPU.ActiveCfg = Release|Any CPU
		{890FEE95-971D-45D4-96F2-32FF1319E58C}.Release|Any CPU.Build.0 = Release|Any CPU
		{34F18F72-F2A9-4349-B681-447AAEA92172}.Debug|Any CPU.ActiveCfg = Debug|Any CPU
		{34F18F72-F2A9-4349-B681-447AAEA92172}.Debug|Any CPU.Build.0 = Debug|Any CPU
		{34F18F72-F2A9-4349-B681-447AAEA92172}.Release|Any CPU.ActiveCfg = Release|Any CPU
		{34F18F72-F2A9-4349-B681-447AAEA92172}.Release|Any CPU.Build.0 = Release|Any CPU
	EndGlobalSection
	GlobalSection(SolutionProperties) = preSolution
		HideSolutionNode = FALSE
	EndGlobalSection
	GlobalSection(ExtensibilityGlobals) = postSolution
		SolutionGuid = {D561921F-E333-47E8-A2C4-8F877982978F}
	EndGlobalSection
EndGlobal
